// !$*UTF8*$!
{
	archiveVersion = 1;
	classes = {
	};
	objectVersion = 56;
	objects = {

/* Begin PBXBuildFile section */
		61EE63DE2921957400EAD178 /* AppDelegate.swift in Sources */ = {isa = PBXBuildFile; fileRef = 61EE63DD2921957400EAD178 /* AppDelegate.swift */; };
		61EE63E02921957400EAD178 /* SceneDelegate.swift in Sources */ = {isa = PBXBuildFile; fileRef = 61EE63DF2921957400EAD178 /* SceneDelegate.swift */; };
		61EE63E22921957400EAD178 /* MainTabBarController.swift in Sources */ = {isa = PBXBuildFile; fileRef = 61EE63E12921957400EAD178 /* MainTabBarController.swift */; };
		61EE63E72921957500EAD178 /* Assets.xcassets in Resources */ = {isa = PBXBuildFile; fileRef = 61EE63E62921957500EAD178 /* Assets.xcassets */; };
		61EE63EA2921957500EAD178 /* LaunchScreen.storyboard in Resources */ = {isa = PBXBuildFile; fileRef = 61EE63E82921957500EAD178 /* LaunchScreen.storyboard */; };
		61EE63F529219CE200EAD178 /* FilesViewController.swift in Sources */ = {isa = PBXBuildFile; fileRef = 61EE63F429219CE200EAD178 /* FilesViewController.swift */; };
		61EE63F829219D4900EAD178 /* FileManagerServiceProtocol.swift in Sources */ = {isa = PBXBuildFile; fileRef = 61EE63F729219D4900EAD178 /* FileManagerServiceProtocol.swift */; };
		61EE63FB29219D9500EAD178 /* FileManagerService.swift in Sources */ = {isa = PBXBuildFile; fileRef = 61EE63FA29219D9500EAD178 /* FileManagerService.swift */; };
/* End PBXBuildFile section */

/* Begin PBXFileReference section */
		61EE63DA2921957400EAD178 /* iosdt-5.app */ = {isa = PBXFileReference; explicitFileType = wrapper.application; includeInIndex = 0; path = "iosdt-5.app"; sourceTree = BUILT_PRODUCTS_DIR; };
		61EE63DD2921957400EAD178 /* AppDelegate.swift */ = {isa = PBXFileReference; lastKnownFileType = sourcecode.swift; path = AppDelegate.swift; sourceTree = "<group>"; };
		61EE63DF2921957400EAD178 /* SceneDelegate.swift */ = {isa = PBXFileReference; lastKnownFileType = sourcecode.swift; path = SceneDelegate.swift; sourceTree = "<group>"; };
		61EE63E12921957400EAD178 /* MainTabBarController.swift */ = {isa = PBXFileReference; lastKnownFileType = sourcecode.swift; path = MainTabBarController.swift; sourceTree = "<group>"; };
		61EE63E62921957500EAD178 /* Assets.xcassets */ = {isa = PBXFileReference; lastKnownFileType = folder.assetcatalog; path = Assets.xcassets; sourceTree = "<group>"; };
		61EE63E92921957500EAD178 /* Base */ = {isa = PBXFileReference; lastKnownFileType = file.storyboard; name = Base; path = Base.lproj/LaunchScreen.storyboard; sourceTree = "<group>"; };
		61EE63EB2921957500EAD178 /* Info.plist */ = {isa = PBXFileReference; lastKnownFileType = text.plist.xml; path = Info.plist; sourceTree = "<group>"; };
		61EE63F429219CE200EAD178 /* FilesViewController.swift */ = {isa = PBXFileReference; fileEncoding = 4; lastKnownFileType = sourcecode.swift; path = FilesViewController.swift; sourceTree = "<group>"; };
		61EE63F729219D4900EAD178 /* FileManagerServiceProtocol.swift */ = {isa = PBXFileReference; fileEncoding = 4; lastKnownFileType = sourcecode.swift; path = FileManagerServiceProtocol.swift; sourceTree = "<group>"; };
		61EE63FA29219D9500EAD178 /* FileManagerService.swift */ = {isa = PBXFileReference; fileEncoding = 4; lastKnownFileType = sourcecode.swift; path = FileManagerService.swift; sourceTree = "<group>"; };
/* End PBXFileReference section */

/* Begin PBXFrameworksBuildPhase section */
		61EE63D72921957400EAD178 /* Frameworks */ = {
			isa = PBXFrameworksBuildPhase;
			buildActionMask = 2147483647;
			files = (
			);
			runOnlyForDeploymentPostprocessing = 0;
		};
/* End PBXFrameworksBuildPhase section */

/* Begin PBXGroup section */
		61EE63D12921957400EAD178 = {
			isa = PBXGroup;
			children = (
				61EE63DC2921957400EAD178 /* iosdt-5 */,
				61EE63DB2921957400EAD178 /* Products */,
			);
			sourceTree = "<group>";
		};
		61EE63DB2921957400EAD178 /* Products */ = {
			isa = PBXGroup;
			children = (
				61EE63DA2921957400EAD178 /* iosdt-5.app */,
			);
			name = Products;
			sourceTree = "<group>";
		};
		61EE63DC2921957400EAD178 /* iosdt-5 */ = {
			isa = PBXGroup;
			children = (
				61EE63F929219D7300EAD178 /* Utils */,
				61EE63F629219D1D00EAD178 /* Protocols */,
				61EE63F329219CAC00EAD178 /* FilesViewController */,
				61EE63F129219BD600EAD178 /* SystemDelegate */,
				61EE63F229219BF600EAD178 /* MainTabBarController */,
				61EE63E62921957500EAD178 /* Assets.xcassets */,
				61EE63E82921957500EAD178 /* LaunchScreen.storyboard */,
				61EE63EB2921957500EAD178 /* Info.plist */,
			);
			path = "iosdt-5";
			sourceTree = "<group>";
		};
		61EE63F129219BD600EAD178 /* SystemDelegate */ = {
			isa = PBXGroup;
			children = (
				61EE63DD2921957400EAD178 /* AppDelegate.swift */,
				61EE63DF2921957400EAD178 /* SceneDelegate.swift */,
			);
			path = SystemDelegate;
			sourceTree = "<group>";
		};
		61EE63F229219BF600EAD178 /* MainTabBarController */ = {
			isa = PBXGroup;
			children = (
				61EE63E12921957400EAD178 /* MainTabBarController.swift */,
			);
			path = MainTabBarController;
			sourceTree = "<group>";
		};
		61EE63F329219CAC00EAD178 /* FilesViewController */ = {
			isa = PBXGroup;
			children = (
				61EE63F429219CE200EAD178 /* FilesViewController.swift */,
			);
			path = FilesViewController;
			sourceTree = "<group>";
		};
		61EE63F629219D1D00EAD178 /* Protocols */ = {
			isa = PBXGroup;
			children = (
				61EE63F729219D4900EAD178 /* FileManagerServiceProtocol.swift */,
			);
			path = Protocols;
			sourceTree = "<group>";
		};
		61EE63F929219D7300EAD178 /* Utils */ = {
			isa = PBXGroup;
			children = (
				61EE63FA29219D9500EAD178 /* FileManagerService.swift */,
			);
			path = Utils;
			sourceTree = "<group>";
		};
/* End PBXGroup section */

/* Begin PBXNativeTarget section */
		61EE63D92921957400EAD178 /* iosdt-5 */ = {
			isa = PBXNativeTarget;
			buildConfigurationList = 61EE63EE2921957500EAD178 /* Build configuration list for PBXNativeTarget "iosdt-5" */;
			buildPhases = (
				61EE63D62921957400EAD178 /* Sources */,
				61EE63D72921957400EAD178 /* Frameworks */,
				61EE63D82921957400EAD178 /* Resources */,
			);
			buildRules = (
			);
			dependencies = (
			);
			name = "iosdt-5";
			productName = "iosdt-5";
			productReference = 61EE63DA2921957400EAD178 /* iosdt-5.app */;
			productType = "com.apple.product-type.application";
		};
/* End PBXNativeTarget section */

/* Begin PBXProject section */
		61EE63D22921957400EAD178 /* Project object */ = {
			isa = PBXProject;
			attributes = {
				BuildIndependentTargetsInParallel = 1;
				LastSwiftUpdateCheck = 1410;
				LastUpgradeCheck = 1410;
				TargetAttributes = {
					61EE63D92921957400EAD178 = {
						CreatedOnToolsVersion = 14.1;
					};
				};
			};
			buildConfigurationList = 61EE63D52921957400EAD178 /* Build configuration list for PBXProject "iosdt-5" */;
			compatibilityVersion = "Xcode 14.0";
			developmentRegion = en;
			hasScannedForEncodings = 0;
			knownRegions = (
				en,
				Base,
			);
			mainGroup = 61EE63D12921957400EAD178;
			productRefGroup = 61EE63DB2921957400EAD178 /* Products */;
			projectDirPath = "";
			projectRoot = "";
			targets = (
				61EE63D92921957400EAD178 /* iosdt-5 */,
			);
		};
/* End PBXProject section */

/* Begin PBXResourcesBuildPhase section */
		61EE63D82921957400EAD178 /* Resources */ = {
			isa = PBXResourcesBuildPhase;
			buildActionMask = 2147483647;
			files = (
				61EE63EA2921957500EAD178 /* LaunchScreen.storyboard in Resources */,
				61EE63E72921957500EAD178 /* Assets.xcassets in Resources */,
			);
			runOnlyForDeploymentPostprocessing = 0;
		};
/* End PBXResourcesBuildPhase section */

/* Begin PBXSourcesBuildPhase section */
		61EE63D62921957400EAD178 /* Sources */ = {
			isa = PBXSourcesBuildPhase;
			buildActionMask = 2147483647;
			files = (
				61EE63E22921957400EAD178 /* MainTabBarController.swift in Sources */,
				61EE63DE2921957400EAD178 /* AppDelegate.swift in Sources */,
				61EE63F829219D4900EAD178 /* FileManagerServiceProtocol.swift in Sources */,
				61EE63F529219CE200EAD178 /* FilesViewController.swift in Sources */,
				61EE63E02921957400EAD178 /* SceneDelegate.swift in Sources */,
				61EE63FB29219D9500EAD178 /* FileManagerService.swift in Sources */,
			);
			runOnlyForDeploymentPostprocessing = 0;
		};
/* End PBXSourcesBuildPhase section */

/* Begin PBXVariantGroup section */
		61EE63E82921957500EAD178 /* LaunchScreen.storyboard */ = {
			isa = PBXVariantGroup;
			children = (
				61EE63E92921957500EAD178 /* Base */,
			);
			name = LaunchScreen.storyboard;
			sourceTree = "<group>";
		};
/* End PBXVariantGroup section */

/* Begin XCBuildConfiguration section */
		61EE63EC2921957500EAD178 /* Debug */ = {
			isa = XCBuildConfiguration;
			buildSettings = {
				ALWAYS_SEARCH_USER_PATHS = NO;
				CLANG_ANALYZER_NONNULL = YES;
				CLANG_ANALYZER_NUMBER_OBJECT_CONVERSION = YES_AGGRESSIVE;
				CLANG_CXX_LANGUAGE_STANDARD = "gnu++20";
				CLANG_ENABLE_MODULES = YES;
				CLANG_ENABLE_OBJC_ARC = YES;
				CLANG_ENABLE_OBJC_WEAK = YES;
				CLANG_WARN_BLOCK_CAPTURE_AUTORELEASING = YES;
				CLANG_WARN_BOOL_CONVERSION = YES;
				CLANG_WARN_COMMA = YES;
				CLANG_WARN_CONSTANT_CONVERSION = YES;
				CLANG_WARN_DEPRECATED_OBJC_IMPLEMENTATIONS = YES;
				CLANG_WARN_DIRECT_OBJC_ISA_USAGE = YES_ERROR;
				CLANG_WARN_DOCUMENTATION_COMMENTS = YES;
				CLANG_WARN_EMPTY_BODY = YES;
				CLANG_WARN_ENUM_CONVERSION = YES;
				CLANG_WARN_INFINITE_RECURSION = YES;
				CLANG_WARN_INT_CONVERSION = YES;
				CLANG_WARN_NON_LITERAL_NULL_CONVERSION = YES;
				CLANG_WARN_OBJC_IMPLICIT_RETAIN_SELF = YES;
				CLANG_WARN_OBJC_LITERAL_CONVERSION = YES;
				CLANG_WARN_OBJC_ROOT_CLASS = YES_ERROR;
				CLANG_WARN_QUOTED_INCLUDE_IN_FRAMEWORK_HEADER = YES;
				CLANG_WARN_RANGE_LOOP_ANALYSIS = YES;
				CLANG_WARN_STRICT_PROTOTYPES = YES;
				CLANG_WARN_SUSPICIOUS_MOVE = YES;
				CLANG_WARN_UNGUARDED_AVAILABILITY = YES_AGGRESSIVE;
				CLANG_WARN_UNREACHABLE_CODE = YES;
				CLANG_WARN__DUPLICATE_METHOD_MATCH = YES;
				COPY_PHASE_STRIP = NO;
				DEBUG_INFORMATION_FORMAT = dwarf;
				ENABLE_STRICT_OBJC_MSGSEND = YES;
				ENABLE_TESTABILITY = YES;
				GCC_C_LANGUAGE_STANDARD = gnu11;
				GCC_DYNAMIC_NO_PIC = NO;
				GCC_NO_COMMON_BLOCKS = YES;
				GCC_OPTIMIZATION_LEVEL = 0;
				GCC_PREPROCESSOR_DEFINITIONS = (
					"DEBUG=1",
					"$(inherited)",
				);
				GCC_WARN_64_TO_32_BIT_CONVERSION = YES;
				GCC_WARN_ABOUT_RETURN_TYPE = YES_ERROR;
				GCC_WARN_UNDECLARED_SELECTOR = YES;
				GCC_WARN_UNINITIALIZED_AUTOS = YES_AGGRESSIVE;
				GCC_WARN_UNUSED_FUNCTION = YES;
				GCC_WARN_UNUSED_VARIABLE = YES;
				IPHONEOS_DEPLOYMENT_TARGET = 16.1;
				MTL_ENABLE_DEBUG_INFO = INCLUDE_SOURCE;
				MTL_FAST_MATH = YES;
				ONLY_ACTIVE_ARCH = YES;
				SDKROOT = iphoneos;
				SWIFT_ACTIVE_COMPILATION_CONDITIONS = DEBUG;
				SWIFT_OPTIMIZATION_LEVEL = "-Onone";
			};
			name = Debug;
		};
		61EE63ED2921957500EAD178 /* Release */ = {
			isa = XCBuildConfiguration;
			buildSettings = {
				ALWAYS_SEARCH_USER_PATHS = NO;
				CLANG_ANALYZER_NONNULL = YES;
				CLANG_ANALYZER_NUMBER_OBJECT_CONVERSION = YES_AGGRESSIVE;
				CLANG_CXX_LANGUAGE_STANDARD = "gnu++20";
				CLANG_ENABLE_MODULES = YES;
				CLANG_ENABLE_OBJC_ARC = YES;
				CLANG_ENABLE_OBJC_WEAK = YES;
				CLANG_WARN_BLOCK_CAPTURE_AUTORELEASING = YES;
				CLANG_WARN_BOOL_CONVERSION = YES;
				CLANG_WARN_COMMA = YES;
				CLANG_WARN_CONSTANT_CONVERSION = YES;
				CLANG_WARN_DEPRECATED_OBJC_IMPLEMENTATIONS = YES;
				CLANG_WARN_DIRECT_OBJC_ISA_USAGE = YES_ERROR;
				CLANG_WARN_DOCUMENTATION_COMMENTS = YES;
				CLANG_WARN_EMPTY_BODY = YES;
				CLANG_WARN_ENUM_CONVERSION = YES;
				CLANG_WARN_INFINITE_RECURSION = YES;
				CLANG_WARN_INT_CONVERSION = YES;
				CLANG_WARN_NON_LITERAL_NULL_CONVERSION = YES;
				CLANG_WARN_OBJC_IMPLICIT_RETAIN_SELF = YES;
				CLANG_WARN_OBJC_LITERAL_CONVERSION = YES;
				CLANG_WARN_OBJC_ROOT_CLASS = YES_ERROR;
				CLANG_WARN_QUOTED_INCLUDE_IN_FRAMEWORK_HEADER = YES;
				CLANG_WARN_RANGE_LOOP_ANALYSIS = YES;
				CLANG_WARN_STRICT_PROTOTYPES = YES;
				CLANG_WARN_SUSPICIOUS_MOVE = YES;
				CLANG_WARN_UNGUARDED_AVAILABILITY = YES_AGGRESSIVE;
				CLANG_WARN_UNREACHABLE_CODE = YES;
				CLANG_WARN__DUPLICATE_METHOD_MATCH = YES;
				COPY_PHASE_STRIP = NO;
				DEBUG_INFORMATION_FORMAT = "dwarf-with-dsym";
				ENABLE_NS_ASSERTIONS = NO;
				ENABLE_STRICT_OBJC_MSGSEND = YES;
				GCC_C_LANGUAGE_STANDARD = gnu11;
				GCC_NO_COMMON_BLOCKS = YES;
				GCC_WARN_64_TO_32_BIT_CONVERSION = YES;
				GCC_WARN_ABOUT_RETURN_TYPE = YES_ERROR;
				GCC_WARN_UNDECLARED_SELECTOR = YES;
				GCC_WARN_UNINITIALIZED_AUTOS = YES_AGGRESSIVE;
				GCC_WARN_UNUSED_FUNCTION = YES;
				GCC_WARN_UNUSED_VARIABLE = YES;
				IPHONEOS_DEPLOYMENT_TARGET = 16.1;
				MTL_ENABLE_DEBUG_INFO = NO;
				MTL_FAST_MATH = YES;
				SDKROOT = iphoneos;
				SWIFT_COMPILATION_MODE = wholemodule;
				SWIFT_OPTIMIZATION_LEVEL = "-O";
				VALIDATE_PRODUCT = YES;
			};
			name = Release;
		};
		61EE63EF2921957500EAD178 /* Debug */ = {
			isa = XCBuildConfiguration;
			buildSettings = {
				ASSETCATALOG_COMPILER_APPICON_NAME = AppIcon;
				ASSETCATALOG_COMPILER_GLOBAL_ACCENT_COLOR_NAME = AccentColor;
				ASSETCATALOG_COMPILER_INCLUDE_ALL_APPICON_ASSETS = YES;
				CODE_SIGN_STYLE = Automatic;
				CURRENT_PROJECT_VERSION = 1;
				DEVELOPMENT_TEAM = 5BPW3NPX5G;
				GENERATE_INFOPLIST_FILE = YES;
				INFOPLIST_FILE = "iosdt-5/Info.plist";
				INFOPLIST_KEY_UIApplicationSupportsIndirectInputEvents = YES;
				INFOPLIST_KEY_UILaunchStoryboardName = LaunchScreen.storyboard;
				INFOPLIST_KEY_UISupportedInterfaceOrientations = UIInterfaceOrientationPortrait;
				INFOPLIST_KEY_UISupportedInterfaceOrientations_iPad = "UIInterfaceOrientationLandscapeLeft UIInterfaceOrientationLandscapeRight UIInterfaceOrientationPortrait UIInterfaceOrientationPortraitUpsideDown";
				IPHONEOS_DEPLOYMENT_TARGET = 15.0;
				LD_RUNPATH_SEARCH_PATHS = (
					"$(inherited)",
					"@executable_path/Frameworks",
				);
				MARKETING_VERSION = 1.0;
				PRODUCT_BUNDLE_IDENTIFIER = "ru.aptimict.iosdt-5";
				PRODUCT_NAME = "$(TARGET_NAME)";
				SUPPORTED_PLATFORMS = "iphoneos iphonesimulator";
				SUPPORTS_MACCATALYST = NO;
				SUPPORTS_MAC_DESIGNED_FOR_IPHONE_IPAD = NO;
				SWIFT_EMIT_LOC_STRINGS = YES;
				SWIFT_VERSION = 5.0;
				TARGETED_DEVICE_FAMILY = 1;
			};
			name = Debug;
		};
		61EE63F02921957500EAD178 /* Release */ = {
			isa = XCBuildConfiguration;
			buildSettings = {
				ASSETCATALOG_COMPILER_APPICON_NAME = AppIcon;
				ASSETCATALOG_COMPILER_GLOBAL_ACCENT_COLOR_NAME = AccentColor;
				ASSETCATALOG_COMPILER_INCLUDE_ALL_APPICON_ASSETS = YES;
				CODE_SIGN_STYLE = Automatic;
				CURRENT_PROJECT_VERSION = 1;
				DEVELOPMENT_TEAM = 5BPW3NPX5G;
				GENERATE_INFOPLIST_FILE = YES;
				INFOPLIST_FILE = "iosdt-5/Info.plist";
				INFOPLIST_KEY_UIApplicationSupportsIndirectInputEvents = YES;
				INFOPLIST_KEY_UILaunchStoryboardName = LaunchScreen.storyboard;
				INFOPLIST_KEY_UISupportedInterfaceOrientations = UIInterfaceOrientationPortrait;
				INFOPLIST_KEY_UISupportedInterfaceOrientations_iPad = "UIInterfaceOrientationLandscapeLeft UIInterfaceOrientationLandscapeRight UIInterfaceOrientationPortrait UIInterfaceOrientationPortraitUpsideDown";
				IPHONEOS_DEPLOYMENT_TARGET = 15.0;
				LD_RUNPATH_SEARCH_PATHS = (
					"$(inherited)",
					"@executable_path/Frameworks",
				);
				MARKETING_VERSION = 1.0;
				PRODUCT_BUNDLE_IDENTIFIER = "ru.aptimict.iosdt-5";
				PRODUCT_NAME = "$(TARGET_NAME)";
				SUPPORTED_PLATFORMS = "iphoneos iphonesimulator";
				SUPPORTS_MACCATALYST = NO;
				SUPPORTS_MAC_DESIGNED_FOR_IPHONE_IPAD = NO;
				SWIFT_EMIT_LOC_STRINGS = YES;
				SWIFT_VERSION = 5.0;
				TARGETED_DEVICE_FAMILY = 1;
			};
			name = Release;
		};
/* End XCBuildConfiguration section */

/* Begin XCConfigurationList section */
		61EE63D52921957400EAD178 /* Build configuration list for PBXProject "iosdt-5" */ = {
			isa = XCConfigurationList;
			buildConfigurations = (
				61EE63EC2921957500EAD178 /* Debug */,
				61EE63ED2921957500EAD178 /* Release */,
			);
			defaultConfigurationIsVisible = 0;
			defaultConfigurationName = Release;
		};
		61EE63EE2921957500EAD178 /* Build configuration list for PBXNativeTarget "iosdt-5" */ = {
			isa = XCConfigurationList;
			buildConfigurations = (
				61EE63EF2921957500EAD178 /* Debug */,
				61EE63F02921957500EAD178 /* Release */,
			);
			defaultConfigurationIsVisible = 0;
			defaultConfigurationName = Release;
		};
/* End XCConfigurationList section */
	};
	rootObject = 61EE63D22921957400EAD178 /* Project object */;
}
